
Microsoft Visual Studio Solution File, Format Version 12.00
# Visual Studio 15
VisualStudioVersion = 15.0.27703.1
MinimumVisualStudioVersion = 10.0.40219.1
Project("{2150E333-8FDC-42A3-9474-1A3956D46DE8}") = "Plugin", "Plugin", "{D792C9EB-C722-49E4-8E5A-79F629A1E38B}"
EndProject
Project("{2150E333-8FDC-42A3-9474-1A3956D46DE8}") = "Sample", "Sample", "{53054D8E-2BF4-4A0D-A8D1-6E6343F3FEE7}"
EndProject
Project("{FAE04EC0-301F-11D3-BF4B-00C04F79EFBC}") = "Embedding.Sample.Droid", "src\Embedding.Sample.Droid\Embedding.Sample.Droid.csproj", "{3BC0AC7E-3B3B-4D3F-9CC0-B2BDECC460A6}"
EndProject
Project("{D954291E-2A0B-460D-934E-DC6B0785DB48}") = "Embedding.Plugin", "src\Embedding.Plugin\Embedding.Plugin.shproj", "{9BB3A478-F2B3-4005-9DA8-2785392A4E30}"
EndProject
Project("{FAE04EC0-301F-11D3-BF4B-00C04F79EFBC}") = "Embedding.Plugin.Droid", "src\Embedding.Plugin.Droid\Embedding.Plugin.Droid.csproj", "{F6D14481-7381-4859-B77B-80D757988AF7}"
EndProject
Global
	GlobalSection(SharedMSBuildProjectFiles) = preSolution
		src\Embedding.Plugin\Embedding.Plugin.projitems*{9bb3a478-f2b3-4005-9da8-2785392a4e30}*SharedItemsImports = 13
		src\Embedding.Plugin\Embedding.Plugin.projitems*{f6d14481-7381-4859-b77b-80d757988af7}*SharedItemsImports = 4
	EndGlobalSection
	GlobalSection(SolutionConfigurationPlatforms) = preSolution
		Ad-Hoc|Any CPU = Ad-Hoc|Any CPU
		Ad-Hoc|iPhone = Ad-Hoc|iPhone
		Ad-Hoc|iPhoneSimulator = Ad-Hoc|iPhoneSimulator
		AppStore|Any CPU = AppStore|Any CPU
		AppStore|iPhone = AppStore|iPhone
		AppStore|iPhoneSimulator = AppStore|iPhoneSimulator
		Debug|Any CPU = Debug|Any CPU
		Debug|iPhone = Debug|iPhone
		Debug|iPhoneSimulator = Debug|iPhoneSimulator
		Native|Any CPU = Native|Any CPU
		Native|iPhone = Native|iPhone
		Native|iPhoneSimulator = Native|iPhoneSimulator
		Release|Any CPU = Release|Any CPU
		Release|iPhone = Release|iPhone
		Release|iPhoneSimulator = Release|iPhoneSimulator
	EndGlobalSection
	GlobalSection(ProjectConfigurationPlatforms) = postSolution
		{3BC0AC7E-3B3B-4D3F-9CC0-B2BDECC460A6}.Ad-Hoc|Any CPU.ActiveCfg = Release|Any CPU
		{3BC0AC7E-3B3B-4D3F-9CC0-B2BDECC460A6}.Ad-Hoc|Any CPU.Build.0 = Release|Any CPU
		{3BC0AC7E-3B3B-4D3F-9CC0-B2BDECC460A6}.Ad-Hoc|Any CPU.Deploy.0 = Release|Any CPU
		{3BC0AC7E-3B3B-4D3F-9CC0-B2BDECC460A6}.Ad-Hoc|iPhone.ActiveCfg = Release|Any CPU
		{3BC0AC7E-3B3B-4D3F-9CC0-B2BDECC460A6}.Ad-Hoc|iPhone.Build.0 = Release|Any CPU
		{3BC0AC7E-3B3B-4D3F-9CC0-B2BDECC460A6}.Ad-Hoc|iPhone.Deploy.0 = Release|Any CPU
		{3BC0AC7E-3B3B-4D3F-9CC0-B2BDECC460A6}.Ad-Hoc|iPhoneSimulator.ActiveCfg = Release|Any CPU
		{3BC0AC7E-3B3B-4D3F-9CC0-B2BDECC460A6}.Ad-Hoc|iPhoneSimulator.Build.0 = Release|Any CPU
		{3BC0AC7E-3B3B-4D3F-9CC0-B2BDECC460A6}.Ad-Hoc|iPhoneSimulator.Deploy.0 = Release|Any CPU
		{3BC0AC7E-3B3B-4D3F-9CC0-B2BDECC460A6}.AppStore|Any CPU.ActiveCfg = Release|Any CPU
		{3BC0AC7E-3B3B-4D3F-9CC0-B2BDECC460A6}.AppStore|Any CPU.Build.0 = Release|Any CPU
		{3BC0AC7E-3B3B-4D3F-9CC0-B2BDECC460A6}.AppStore|Any CPU.Deploy.0 = Release|Any CPU
		{3BC0AC7E-3B3B-4D3F-9CC0-B2BDECC460A6}.AppStore|iPhone.ActiveCfg = Release|Any CPU
		{3BC0AC7E-3B3B-4D3F-9CC0-B2BDECC460A6}.AppStore|iPhone.Build.0 = Release|Any CPU
		{3BC0AC7E-3B3B-4D3F-9CC0-B2BDECC460A6}.AppStore|iPhone.Deploy.0 = Release|Any CPU
		{3BC0AC7E-3B3B-4D3F-9CC0-B2BDECC460A6}.AppStore|iPhoneSimulator.ActiveCfg = Release|Any CPU
		{3BC0AC7E-3B3B-4D3F-9CC0-B2BDECC460A6}.AppStore|iPhoneSimulator.Build.0 = Release|Any CPU
		{3BC0AC7E-3B3B-4D3F-9CC0-B2BDECC460A6}.AppStore|iPhoneSimulator.Deploy.0 = Release|Any CPU
		{3BC0AC7E-3B3B-4D3F-9CC0-B2BDECC460A6}.Debug|Any CPU.ActiveCfg = Debug|Any CPU
		{3BC0AC7E-3B3B-4D3F-9CC0-B2BDECC460A6}.Debug|Any CPU.Build.0 = Debug|Any CPU
		{3BC0AC7E-3B3B-4D3F-9CC0-B2BDECC460A6}.Debug|Any CPU.Deploy.0 = Debug|Any CPU
		{3BC0AC7E-3B3B-4D3F-9CC0-B2BDECC460A6}.Debug|iPhone.ActiveCfg = Debug|Any CPU
		{3BC0AC7E-3B3B-4D3F-9CC0-B2BDECC460A6}.Debug|iPhone.Build.0 = Debug|Any CPU
		{3BC0AC7E-3B3B-4D3F-9CC0-B2BDECC460A6}.Debug|iPhone.Deploy.0 = Debug|Any CPU
		{3BC0AC7E-3B3B-4D3F-9CC0-B2BDECC460A6}.Debug|iPhoneSimulator.ActiveCfg = Debug|Any CPU
		{3BC0AC7E-3B3B-4D3F-9CC0-B2BDECC460A6}.Debug|iPhoneSimulator.Build.0 = Debug|Any CPU
		{3BC0AC7E-3B3B-4D3F-9CC0-B2BDECC460A6}.Debug|iPhoneSimulator.Deploy.0 = Debug|Any CPU
		{3BC0AC7E-3B3B-4D3F-9CC0-B2BDECC460A6}.Native|Any CPU.ActiveCfg = Debug|Any CPU
		{3BC0AC7E-3B3B-4D3F-9CC0-B2BDECC460A6}.Native|iPhone.ActiveCfg = Debug|Any CPU
		{3BC0AC7E-3B3B-4D3F-9CC0-B2BDECC460A6}.Native|iPhone.Build.0 = Debug|Any CPU
		{3BC0AC7E-3B3B-4D3F-9CC0-B2BDECC460A6}.Native|iPhone.Deploy.0 = Debug|Any CPU
		{3BC0AC7E-3B3B-4D3F-9CC0-B2BDECC460A6}.Native|iPhoneSimulator.ActiveCfg = Debug|Any CPU
		{3BC0AC7E-3B3B-4D3F-9CC0-B2BDECC460A6}.Native|iPhoneSimulator.Build.0 = Debug|Any CPU
		{3BC0AC7E-3B3B-4D3F-9CC0-B2BDECC460A6}.Native|iPhoneSimulator.Deploy.0 = Debug|Any CPU
		{3BC0AC7E-3B3B-4D3F-9CC0-B2BDECC460A6}.Release|Any CPU.ActiveCfg = Release|Any CPU
		{3BC0AC7E-3B3B-4D3F-9CC0-B2BDECC460A6}.Release|Any CPU.Build.0 = Release|Any CPU
		{3BC0AC7E-3B3B-4D3F-9CC0-B2BDECC460A6}.Release|Any CPU.Deploy.0 = Release|Any CPU
		{3BC0AC7E-3B3B-4D3F-9CC0-B2BDECC460A6}.Release|iPhone.ActiveCfg = Release|Any CPU
		{3BC0AC7E-3B3B-4D3F-9CC0-B2BDECC460A6}.Release|iPhone.Build.0 = Release|Any CPU
		{3BC0AC7E-3B3B-4D3F-9CC0-B2BDECC460A6}.Release|iPhone.Deploy.0 = Release|Any CPU
		{3BC0AC7E-3B3B-4D3F-9CC0-B2BDECC460A6}.Release|iPhoneSimulator.ActiveCfg = Release|Any CPU
		{3BC0AC7E-3B3B-4D3F-9CC0-B2BDECC460A6}.Release|iPhoneSimulator.Build.0 = Release|Any CPU
		{3BC0AC7E-3B3B-4D3F-9CC0-B2BDECC460A6}.Release|iPhoneSimulator.Deploy.0 = Release|Any CPU
		{F6D14481-7381-4859-B77B-80D757988AF7}.Ad-Hoc|Any CPU.ActiveCfg = Release|Any CPU
		{F6D14481-7381-4859-B77B-80D757988AF7}.Ad-Hoc|Any CPU.Build.0 = Release|Any CPU
		{F6D14481-7381-4859-B77B-80D757988AF7}.Ad-Hoc|iPhone.ActiveCfg = Release|Any CPU
		{F6D14481-7381-4859-B77B-80D757988AF7}.Ad-Hoc|iPhone.Build.0 = Release|Any CPU
		{F6D14481-7381-4859-B77B-80D757988AF7}.Ad-Hoc|iPhoneSimulator.ActiveCfg = Release|Any CPU
		{F6D14481-7381-4859-B77B-80D757988AF7}.Ad-Hoc|iPhoneSimulator.Build.0 = Release|Any CPU
		{F6D14481-7381-4859-B77B-80D757988AF7}.AppStore|Any CPU.ActiveCfg = Release|Any CPU
		{F6D14481-7381-4859-B77B-80D757988AF7}.AppStore|Any CPU.Build.0 = Release|Any CPU
		{F6D14481-7381-4859-B77B-80D757988AF7}.AppStore|iPhone.ActiveCfg = Release|Any CPU
		{F6D14481-7381-4859-B77B-80D757988AF7}.AppStore|iPhone.Build.0 = Release|Any CPU
		{F6D14481-7381-4859-B77B-80D757988AF7}.AppStore|iPhoneSimulator.ActiveCfg = Release|Any CPU
		{F6D14481-7381-4859-B77B-80D757988AF7}.AppStore|iPhoneSimulator.Build.0 = Release|Any CPU
		{F6D14481-7381-4859-B77B-80D757988AF7}.Debug|Any CPU.ActiveCfg = Debug|Any CPU
		{F6D14481-7381-4859-B77B-80D757988AF7}.Debug|Any CPU.Build.0 = Debug|Any CPU
		{F6D14481-7381-4859-B77B-80D757988AF7}.Debug|iPhone.ActiveCfg = Debug|Any CPU
		{F6D14481-7381-4859-B77B-80D757988AF7}.Debug|iPhone.Build.0 = Debug|Any CPU
		{F6D14481-7381-4859-B77B-80D757988AF7}.Debug|iPhoneSimulator.ActiveCfg = Debug|Any CPU
		{F6D14481-7381-4859-B77B-80D757988AF7}.Debug|iPhoneSimulator.Build.0 = Debug|Any CPU
		{F6D14481-7381-4859-B77B-80D757988AF7}.Native|Any CPU.ActiveCfg = Debug|Any CPU
		{F6D14481-7381-4859-B77B-80D757988AF7}.Native|Any CPU.Build.0 = Debug|Any CPU
		{F6D14481-7381-4859-B77B-80D757988AF7}.Native|iPhone.ActiveCfg = Native|Any CPU
		{F6D14481-7381-4859-B77B-80D757988AF7}.Native|iPhone.Build.0 = Native|Any CPU
		{F6D14481-7381-4859-B77B-80D757988AF7}.Native|iPhoneSimulator.ActiveCfg = Native|Any CPU
		{F6D14481-7381-4859-B77B-80D757988AF7}.Native|iPhoneSimulator.Build.0 = Native|Any CPU
		{F6D14481-7381-4859-B77B-80D757988AF7}.Release|Any CPU.ActiveCfg = Release|Any CPU
		{F6D14481-7381-4859-B77B-80D757988AF7}.Release|Any CPU.Build.0 = Release|Any CPU
		{F6D14481-7381-4859-B77B-80D757988AF7}.Release|iPhone.ActiveCfg = Release|Any CPU
		{F6D14481-7381-4859-B77B-80D757988AF7}.Release|iPhone.Build.0 = Release|Any CPU
		{F6D14481-7381-4859-B77B-80D757988AF7}.Release|iPhoneSimulator.ActiveCfg = Release|Any CPU
		{F6D14481-7381-4859-B77B-80D757988AF7}.Release|iPhoneSimulator.Build.0 = Release|Any CPU
	EndGlobalSection
	GlobalSection(SolutionProperties) = preSolution
		HideSolutionNode = FALSE
	EndGlobalSection
	GlobalSection(NestedProjects) = preSolution
		{3BC0AC7E-3B3B-4D3F-9CC0-B2BDECC460A6} = {53054D8E-2BF4-4A0D-A8D1-6E6343F3FEE7}
		{9BB3A478-F2B3-4005-9DA8-2785392A4E30} = {D792C9EB-C722-49E4-8E5A-79F629A1E38B}
		{F6D14481-7381-4859-B77B-80D757988AF7} = {D792C9EB-C722-49E4-8E5A-79F629A1E38B}
	EndGlobalSection
	GlobalSection(ExtensibilityGlobals) = postSolution
		SolutionGuid = {E59D9AC1-68EB-48C7-93E4-BF96642D5510}
	EndGlobalSection
EndGlobal
