
Microsoft Visual Studio Solution File, Format Version 12.00
# Visual Studio 15
VisualStudioVersion = 15.0.27703.1
MinimumVisualStudioVersion = 10.0.40219.1
Project("{2150E333-8FDC-42A3-9474-1A3956D46DE8}") = "Plugin", "Plugin", "{D792C9EB-C722-49E4-8E5A-79F629A1E38B}"
EndProject
Project("{2150E333-8FDC-42A3-9474-1A3956D46DE8}") = "Sample", "Sample", "{53054D8E-2BF4-4A0D-A8D1-6E6343F3FEE7}"
EndProject
Project("{FAE04EC0-301F-11D3-BF4B-00C04F79EFBC}") = "Embedding.Sample.Droid", "src\Embedding.Sample.Droid\Embedding.Sample.Droid.csproj", "{3BC0AC7E-3B3B-4D3F-9CC0-B2BDECC460A6}"
EndProject
Project("{FAE04EC0-301F-11D3-BF4B-00C04F79EFBC}") = "Embedding.Plugin", "src\Embedding.Plugin\Embedding.Plugin.csproj", "{C41C9B6B-CEB0-4AED-B973-AD24CCD8107A}"
EndProject
Project("{FAE04EC0-301F-11D3-BF4B-00C04F79EFBC}") = "Embedding.Plugin.Droid", "src\Embedding.Plugin.Droid\Embedding.Plugin.Droid.csproj", "{A8047A20-F310-498D-A404-0205DCBC25E2}"
EndProject
Global
	GlobalSection(SolutionConfigurationPlatforms) = preSolution
		Ad-Hoc|Any CPU = Ad-Hoc|Any CPU
		Ad-Hoc|iPhone = Ad-Hoc|iPhone
		Ad-Hoc|iPhoneSimulator = Ad-Hoc|iPhoneSimulator
		AppStore|Any CPU = AppStore|Any CPU
		AppStore|iPhone = AppStore|iPhone
		AppStore|iPhoneSimulator = AppStore|iPhoneSimulator
		Debug|Any CPU = Debug|Any CPU
		Debug|iPhone = Debug|iPhone
		Debug|iPhoneSimulator = Debug|iPhoneSimulator
		Release|Any CPU = Release|Any CPU
		Release|iPhone = Release|iPhone
		Release|iPhoneSimulator = Release|iPhoneSimulator
	EndGlobalSection
	GlobalSection(ProjectConfigurationPlatforms) = postSolution
		{3BC0AC7E-3B3B-4D3F-9CC0-B2BDECC460A6}.Ad-Hoc|Any CPU.ActiveCfg = Release|Any CPU
		{3BC0AC7E-3B3B-4D3F-9CC0-B2BDECC460A6}.Ad-Hoc|Any CPU.Build.0 = Release|Any CPU
		{3BC0AC7E-3B3B-4D3F-9CC0-B2BDECC460A6}.Ad-Hoc|Any CPU.Deploy.0 = Release|Any CPU
		{3BC0AC7E-3B3B-4D3F-9CC0-B2BDECC460A6}.Ad-Hoc|iPhone.ActiveCfg = Release|Any CPU
		{3BC0AC7E-3B3B-4D3F-9CC0-B2BDECC460A6}.Ad-Hoc|iPhone.Build.0 = Release|Any CPU
		{3BC0AC7E-3B3B-4D3F-9CC0-B2BDECC460A6}.Ad-Hoc|iPhone.Deploy.0 = Release|Any CPU
		{3BC0AC7E-3B3B-4D3F-9CC0-B2BDECC460A6}.Ad-Hoc|iPhoneSimulator.ActiveCfg = Release|Any CPU
		{3BC0AC7E-3B3B-4D3F-9CC0-B2BDECC460A6}.Ad-Hoc|iPhoneSimulator.Build.0 = Release|Any CPU
		{3BC0AC7E-3B3B-4D3F-9CC0-B2BDECC460A6}.Ad-Hoc|iPhoneSimulator.Deploy.0 = Release|Any CPU
		{3BC0AC7E-3B3B-4D3F-9CC0-B2BDECC460A6}.AppStore|Any CPU.ActiveCfg = Release|Any CPU
		{3BC0AC7E-3B3B-4D3F-9CC0-B2BDECC460A6}.AppStore|Any CPU.Build.0 = Release|Any CPU
		{3BC0AC7E-3B3B-4D3F-9CC0-B2BDECC460A6}.AppStore|Any CPU.Deploy.0 = Release|Any CPU
		{3BC0AC7E-3B3B-4D3F-9CC0-B2BDECC460A6}.AppStore|iPhone.ActiveCfg = Release|Any CPU
		{3BC0AC7E-3B3B-4D3F-9CC0-B2BDECC460A6}.AppStore|iPhone.Build.0 = Release|Any CPU
		{3BC0AC7E-3B3B-4D3F-9CC0-B2BDECC460A6}.AppStore|iPhone.Deploy.0 = Release|Any CPU
		{3BC0AC7E-3B3B-4D3F-9CC0-B2BDECC460A6}.AppStore|iPhoneSimulator.ActiveCfg = Release|Any CPU
		{3BC0AC7E-3B3B-4D3F-9CC0-B2BDECC460A6}.AppStore|iPhoneSimulator.Build.0 = Release|Any CPU
		{3BC0AC7E-3B3B-4D3F-9CC0-B2BDECC460A6}.AppStore|iPhoneSimulator.Deploy.0 = Release|Any CPU
		{3BC0AC7E-3B3B-4D3F-9CC0-B2BDECC460A6}.Debug|Any CPU.ActiveCfg = Debug|Any CPU
		{3BC0AC7E-3B3B-4D3F-9CC0-B2BDECC460A6}.Debug|Any CPU.Build.0 = Debug|Any CPU
		{3BC0AC7E-3B3B-4D3F-9CC0-B2BDECC460A6}.Debug|Any CPU.Deploy.0 = Debug|Any CPU
		{3BC0AC7E-3B3B-4D3F-9CC0-B2BDECC460A6}.Debug|iPhone.ActiveCfg = Debug|Any CPU
		{3BC0AC7E-3B3B-4D3F-9CC0-B2BDECC460A6}.Debug|iPhone.Build.0 = Debug|Any CPU
		{3BC0AC7E-3B3B-4D3F-9CC0-B2BDECC460A6}.Debug|iPhone.Deploy.0 = Debug|Any CPU
		{3BC0AC7E-3B3B-4D3F-9CC0-B2BDECC460A6}.Debug|iPhoneSimulator.ActiveCfg = Debug|Any CPU
		{3BC0AC7E-3B3B-4D3F-9CC0-B2BDECC460A6}.Debug|iPhoneSimulator.Build.0 = Debug|Any CPU
		{3BC0AC7E-3B3B-4D3F-9CC0-B2BDECC460A6}.Debug|iPhoneSimulator.Deploy.0 = Debug|Any CPU
		{3BC0AC7E-3B3B-4D3F-9CC0-B2BDECC460A6}.Release|Any CPU.ActiveCfg = Release|Any CPU
		{3BC0AC7E-3B3B-4D3F-9CC0-B2BDECC460A6}.Release|Any CPU.Build.0 = Release|Any CPU
		{3BC0AC7E-3B3B-4D3F-9CC0-B2BDECC460A6}.Release|Any CPU.Deploy.0 = Release|Any CPU
		{3BC0AC7E-3B3B-4D3F-9CC0-B2BDECC460A6}.Release|iPhone.ActiveCfg = Release|Any CPU
		{3BC0AC7E-3B3B-4D3F-9CC0-B2BDECC460A6}.Release|iPhone.Build.0 = Release|Any CPU
		{3BC0AC7E-3B3B-4D3F-9CC0-B2BDECC460A6}.Release|iPhone.Deploy.0 = Release|Any CPU
		{3BC0AC7E-3B3B-4D3F-9CC0-B2BDECC460A6}.Release|iPhoneSimulator.ActiveCfg = Release|Any CPU
		{3BC0AC7E-3B3B-4D3F-9CC0-B2BDECC460A6}.Release|iPhoneSimulator.Build.0 = Release|Any CPU
		{3BC0AC7E-3B3B-4D3F-9CC0-B2BDECC460A6}.Release|iPhoneSimulator.Deploy.0 = Release|Any CPU
		{C41C9B6B-CEB0-4AED-B973-AD24CCD8107A}.Ad-Hoc|Any CPU.ActiveCfg = Release|Any CPU
		{C41C9B6B-CEB0-4AED-B973-AD24CCD8107A}.Ad-Hoc|Any CPU.Build.0 = Release|Any CPU
		{C41C9B6B-CEB0-4AED-B973-AD24CCD8107A}.Ad-Hoc|iPhone.ActiveCfg = Release|Any CPU
		{C41C9B6B-CEB0-4AED-B973-AD24CCD8107A}.Ad-Hoc|iPhone.Build.0 = Release|Any CPU
		{C41C9B6B-CEB0-4AED-B973-AD24CCD8107A}.Ad-Hoc|iPhoneSimulator.ActiveCfg = Release|Any CPU
		{C41C9B6B-CEB0-4AED-B973-AD24CCD8107A}.Ad-Hoc|iPhoneSimulator.Build.0 = Release|Any CPU
		{C41C9B6B-CEB0-4AED-B973-AD24CCD8107A}.AppStore|Any CPU.ActiveCfg = Release|Any CPU
		{C41C9B6B-CEB0-4AED-B973-AD24CCD8107A}.AppStore|Any CPU.Build.0 = Release|Any CPU
		{C41C9B6B-CEB0-4AED-B973-AD24CCD8107A}.AppStore|iPhone.ActiveCfg = Release|Any CPU
		{C41C9B6B-CEB0-4AED-B973-AD24CCD8107A}.AppStore|iPhone.Build.0 = Release|Any CPU
		{C41C9B6B-CEB0-4AED-B973-AD24CCD8107A}.AppStore|iPhoneSimulator.ActiveCfg = Release|Any CPU
		{C41C9B6B-CEB0-4AED-B973-AD24CCD8107A}.AppStore|iPhoneSimulator.Build.0 = Release|Any CPU
		{C41C9B6B-CEB0-4AED-B973-AD24CCD8107A}.Debug|Any CPU.ActiveCfg = Debug|Any CPU
		{C41C9B6B-CEB0-4AED-B973-AD24CCD8107A}.Debug|Any CPU.Build.0 = Debug|Any CPU
		{C41C9B6B-CEB0-4AED-B973-AD24CCD8107A}.Debug|iPhone.ActiveCfg = Debug|Any CPU
		{C41C9B6B-CEB0-4AED-B973-AD24CCD8107A}.Debug|iPhone.Build.0 = Debug|Any CPU
		{C41C9B6B-CEB0-4AED-B973-AD24CCD8107A}.Debug|iPhoneSimulator.ActiveCfg = Debug|Any CPU
		{C41C9B6B-CEB0-4AED-B973-AD24CCD8107A}.Debug|iPhoneSimulator.Build.0 = Debug|Any CPU
		{C41C9B6B-CEB0-4AED-B973-AD24CCD8107A}.Release|Any CPU.ActiveCfg = Release|Any CPU
		{C41C9B6B-CEB0-4AED-B973-AD24CCD8107A}.Release|Any CPU.Build.0 = Release|Any CPU
		{C41C9B6B-CEB0-4AED-B973-AD24CCD8107A}.Release|iPhone.ActiveCfg = Release|Any CPU
		{C41C9B6B-CEB0-4AED-B973-AD24CCD8107A}.Release|iPhone.Build.0 = Release|Any CPU
		{C41C9B6B-CEB0-4AED-B973-AD24CCD8107A}.Release|iPhoneSimulator.ActiveCfg = Release|Any CPU
		{C41C9B6B-CEB0-4AED-B973-AD24CCD8107A}.Release|iPhoneSimulator.Build.0 = Release|Any CPU
		{A8047A20-F310-498D-A404-0205DCBC25E2}.Ad-Hoc|Any CPU.ActiveCfg = Release|Any CPU
		{A8047A20-F310-498D-A404-0205DCBC25E2}.Ad-Hoc|Any CPU.Build.0 = Release|Any CPU
		{A8047A20-F310-498D-A404-0205DCBC25E2}.Ad-Hoc|iPhone.ActiveCfg = Release|Any CPU
		{A8047A20-F310-498D-A404-0205DCBC25E2}.Ad-Hoc|iPhone.Build.0 = Release|Any CPU
		{A8047A20-F310-498D-A404-0205DCBC25E2}.Ad-Hoc|iPhoneSimulator.ActiveCfg = Release|Any CPU
		{A8047A20-F310-498D-A404-0205DCBC25E2}.Ad-Hoc|iPhoneSimulator.Build.0 = Release|Any CPU
		{A8047A20-F310-498D-A404-0205DCBC25E2}.AppStore|Any CPU.ActiveCfg = Release|Any CPU
		{A8047A20-F310-498D-A404-0205DCBC25E2}.AppStore|Any CPU.Build.0 = Release|Any CPU
		{A8047A20-F310-498D-A404-0205DCBC25E2}.AppStore|iPhone.ActiveCfg = Release|Any CPU
		{A8047A20-F310-498D-A404-0205DCBC25E2}.AppStore|iPhone.Build.0 = Release|Any CPU
		{A8047A20-F310-498D-A404-0205DCBC25E2}.AppStore|iPhoneSimulator.ActiveCfg = Release|Any CPU
		{A8047A20-F310-498D-A404-0205DCBC25E2}.AppStore|iPhoneSimulator.Build.0 = Release|Any CPU
		{A8047A20-F310-498D-A404-0205DCBC25E2}.Debug|Any CPU.ActiveCfg = Debug|Any CPU
		{A8047A20-F310-498D-A404-0205DCBC25E2}.Debug|Any CPU.Build.0 = Debug|Any CPU
		{A8047A20-F310-498D-A404-0205DCBC25E2}.Debug|iPhone.ActiveCfg = Debug|Any CPU
		{A8047A20-F310-498D-A404-0205DCBC25E2}.Debug|iPhone.Build.0 = Debug|Any CPU
		{A8047A20-F310-498D-A404-0205DCBC25E2}.Debug|iPhoneSimulator.ActiveCfg = Debug|Any CPU
		{A8047A20-F310-498D-A404-0205DCBC25E2}.Debug|iPhoneSimulator.Build.0 = Debug|Any CPU
		{A8047A20-F310-498D-A404-0205DCBC25E2}.Release|Any CPU.ActiveCfg = Release|Any CPU
		{A8047A20-F310-498D-A404-0205DCBC25E2}.Release|Any CPU.Build.0 = Release|Any CPU
		{A8047A20-F310-498D-A404-0205DCBC25E2}.Release|iPhone.ActiveCfg = Release|Any CPU
		{A8047A20-F310-498D-A404-0205DCBC25E2}.Release|iPhone.Build.0 = Release|Any CPU
		{A8047A20-F310-498D-A404-0205DCBC25E2}.Release|iPhoneSimulator.ActiveCfg = Release|Any CPU
		{A8047A20-F310-498D-A404-0205DCBC25E2}.Release|iPhoneSimulator.Build.0 = Release|Any CPU
	EndGlobalSection
	GlobalSection(SolutionProperties) = preSolution
		HideSolutionNode = FALSE
	EndGlobalSection
	GlobalSection(NestedProjects) = preSolution
		{3BC0AC7E-3B3B-4D3F-9CC0-B2BDECC460A6} = {53054D8E-2BF4-4A0D-A8D1-6E6343F3FEE7}
		{C41C9B6B-CEB0-4AED-B973-AD24CCD8107A} = {D792C9EB-C722-49E4-8E5A-79F629A1E38B}
		{A8047A20-F310-498D-A404-0205DCBC25E2} = {D792C9EB-C722-49E4-8E5A-79F629A1E38B}
	EndGlobalSection
	GlobalSection(ExtensibilityGlobals) = postSolution
		SolutionGuid = {E59D9AC1-68EB-48C7-93E4-BF96642D5510}
	EndGlobalSection
EndGlobal
