
Microsoft Visual Studio Solution File, Format Version 12.00
# Visual Studio 15
VisualStudioVersion = 15.0.27703.1
MinimumVisualStudioVersion = 10.0.40219.1
Project("{2150E333-8FDC-42A3-9474-1A3956D46DE8}") = "Plugin", "Plugin", "{D792C9EB-C722-49E4-8E5A-79F629A1E38B}"
EndProject
Project("{FAE04EC0-301F-11D3-BF4B-00C04F79EFBC}") = "Embedding.Plugin", "src\Embedding.Plugin\Embedding.Plugin.csproj", "{A2F238EF-C03B-4163-B051-AC1FBF75F0C9}"
EndProject
Global
	GlobalSection(SolutionConfigurationPlatforms) = preSolution
		Debug|Any CPU = Debug|Any CPU
		Release|Any CPU = Release|Any CPU
	EndGlobalSection
	GlobalSection(ProjectConfigurationPlatforms) = postSolution
		{A2F238EF-C03B-4163-B051-AC1FBF75F0C9}.Debug|Any CPU.ActiveCfg = Debug|Any CPU
		{A2F238EF-C03B-4163-B051-AC1FBF75F0C9}.Debug|Any CPU.Build.0 = Debug|Any CPU
		{A2F238EF-C03B-4163-B051-AC1FBF75F0C9}.Release|Any CPU.ActiveCfg = Release|Any CPU
		{A2F238EF-C03B-4163-B051-AC1FBF75F0C9}.Release|Any CPU.Build.0 = Release|Any CPU
	EndGlobalSection
	GlobalSection(SolutionProperties) = preSolution
		HideSolutionNode = FALSE
	EndGlobalSection
	GlobalSection(NestedProjects) = preSolution
		{A2F238EF-C03B-4163-B051-AC1FBF75F0C9} = {D792C9EB-C722-49E4-8E5A-79F629A1E38B}
	EndGlobalSection
	GlobalSection(ExtensibilityGlobals) = postSolution
		SolutionGuid = {E59D9AC1-68EB-48C7-93E4-BF96642D5510}
	EndGlobalSection
EndGlobal
